<?xml version="1.0" encoding="utf-8"?>
<Project ToolsVersion="4.0" xmlns="http://schemas.microsoft.com/developer/msbuild/2003">
  <ItemGroup>
    <Filter Include="Source Files">
      <UniqueIdentifier>{4FC737F1-C7A5-4376-A066-2A32D752A2FF}</UniqueIdentifier>
      <Extensions>cpp;c;cc;cxx;c++;cppm;ixx;def;odl;idl;hpj;bat;asm;asmx</Extensions>
    </Filter>
    <Filter Include="Header Files">
      <UniqueIdentifier>{93995380-89BD-4b04-88EB-625FBE52EBFB}</UniqueIdentifier>
      <Extensions>h;hh;hpp;hxx;h++;hm;inl;inc;ipp;xsd</Extensions>
    </Filter>
    <Filter Include="Resource Files">
      <UniqueIdentifier>{67DA6AB6-F800-4c08-8B7A-83BB121AAD01}</UniqueIdentifier>
      <Extensions>rc;ico;cur;bmp;dlg;rc2;rct;bin;rgs;gif;jpg;jpeg;jpe;resx;tiff;tif;png;wav;mfcribbon-ms</Extensions>
    </Filter>
  </ItemGroup>
  <ItemGroup>
    <ClCompile Include="src\App.cpp">
      <Filter>Source Files</Filter>
    </ClCompile>
    <ClCompile Include="src\lib\Object.cpp">
      <Filter>Source Files</Filter>
    </ClCompile>
    <ClCompile Include="src\lib\HashCode.cpp">
      <Filter>Source Files</Filter>
    </ClCompile>
    <ClCompile Include="src\lib\String.cpp">
      <Filter>Source Files</Filter>
    </ClCompile>
    <ClCompile Include="src\lib\di\InstanceCollection.cpp">
      <Filter>Source Files</Filter>
    </ClCompile>
    <ClCompile Include="src\lib\di\SingletonInstanceHolder.cpp">
      <Filter>Source Files</Filter>
    </ClCompile>
    <ClCompile Include="src\lib\Assert.cpp">
      <Filter>Source Files</Filter>
    </ClCompile>
    <ClCompile Include="src\lib\Numeric.cpp">
      <Filter>Source Files</Filter>
    </ClCompile>
    <ClCompile Include="src\lib\calc\Math.cpp">
      <Filter>Source Files</Filter>
    </ClCompile>
    <ClCompile Include="src\lib\calc\Vector3.cpp">
      <Filter>Source Files</Filter>
    </ClCompile>
    <ClCompile Include="src\lib\calc\TransformMatrix4.cpp">
      <Filter>Source Files</Filter>
    </ClCompile>
    <ClCompile Include="src\lib\calc\Vector4.cpp">
      <Filter>Source Files</Filter>
    </ClCompile>
    <ClCompile Include="src\model\vehicle\Engine.cpp">
      <Filter>Source Files</Filter>
    </ClCompile>
    <ClCompile Include="src\model\vehicle\Gearbox.cpp">
      <Filter>Source Files</Filter>
    </ClCompile>
    <ClCompile Include="src\model\vehicle\Wheel.cpp">
      <Filter>Source Files</Filter>
    </ClCompile>
    <ClCompile Include="src\model\vehicle\Vehicle.cpp">
      <Filter>Source Files</Filter>
    </ClCompile>
    <ClCompile Include="src\lib\calc\UnitConverter.cpp">
      <Filter>Source Files</Filter>
    </ClCompile>
    <ClCompile Include="src\model\vehicle\PacejkaFormula.cpp">
      <Filter>Source Files</Filter>
    </ClCompile>
    <ClCompile Include="src\model\vehicle\Body.cpp">
      <Filter>Source Files</Filter>
    </ClCompile>
    <ClCompile Include="src\engine\vehicle\VehicleUpdater.cpp">
      <Filter>Source Files</Filter>
    </ClCompile>
    <ClCompile Include="src\lib\calc\Geometry.cpp">
      <Filter>Source Files</Filter>
    </ClCompile>
    <ClCompile Include="src\engine\vehicle\ForceLogic.cpp">
      <Filter>Source Files</Filter>
    </ClCompile>
    <ClCompile Include="src\engine\vehicle\PositionLogic.cpp">
      <Filter>Source Files</Filter>
    </ClCompile>
    <ClCompile Include="src\engine\vehicle\WeightTransferLogic.cpp">
      <Filter>Source Files</Filter>
    </ClCompile>
    <ClCompile Include="src\model\vehicle\EngineTorqueCurve.cpp">
      <Filter>Source Files</Filter>
    </ClCompile>
    <ClCompile Include="src\model\common\Measures.cpp">
      <Filter>Source Files</Filter>
    </ClCompile>
    <ClCompile Include="src\model\vehicle\Spring.cpp">
      <Filter>Source Files</Filter>
    </ClCompile>
    <ClCompile Include="src\model\common\Angles.cpp">
      <Filter>Source Files</Filter>
    </ClCompile>
    <ClCompile Include="src\lib\Random.cpp">
      <Filter>Source Files</Filter>
    </ClCompile>
    <ClCompile Include="src\engine\vehicle\VelocityLogic.cpp">
      <Filter>Source Files</Filter>
    </ClCompile>
    <ClCompile Include="src\model\vehicle\Axle.cpp">
      <Filter>Source Files</Filter>
    </ClCompile>
    <ClCompile Include="src\lib\input\InputDevice.cpp">
      <Filter>Source Files</Filter>
    </ClCompile>
    <ClCompile Include="src\lib\input\Keyboard.cpp">
      <Filter>Source Files</Filter>
    </ClCompile>
    <ClCompile Include="src\core\InputManager.cpp">
      <Filter>Source Files</Filter>
    </ClCompile>
    <ClCompile Include="src\core\MainInjectModule.cpp">
      <Filter>Source Files</Filter>
    </ClCompile>
    <ClCompile Include="src\model\vehicle\DrivingInputData.cpp">
      <Filter>Source Files</Filter>
    </ClCompile>
    <ClCompile Include="src\core\DrivingInputManager.cpp">
      <Filter>Source Files</Filter>
    </ClCompile>
    <ClCompile Include="src\ui\DebugScreen.cpp">
      <Filter>Source Files</Filter>
    </ClCompile>
    <ClCompile Include="src\core\Game.cpp">
      <Filter>Source Files</Filter>
    </ClCompile>
    <ClCompile Include="src\core\ScreenManager.cpp">
      <Filter>Source Files</Filter>
    </ClCompile>
    <ClCompile Include="src\engine\GameState.cpp">
      <Filter>Source Files</Filter>
    </ClCompile>
    <ClCompile Include="src\engine\GameUpdater.cpp">
      <Filter>Source Files</Filter>
    </ClCompile>
    <ClCompile Include="src\render\ui\DebugScreenRenderer.cpp">
      <Filter>Source Files</Filter>
    </ClCompile>
    <ClCompile Include="src\debug\stat.cpp">
      <Filter>Source Files</Filter>
    </ClCompile>
    <ClCompile Include="src\render\lib\opengl.cpp">
      <Filter>Source Files</Filter>
    </ClCompile>
    <ClCompile Include="src\render\RenderInitializer.cpp">
      <Filter>Source Files</Filter>
    </ClCompile>
    <ClCompile Include="src\ui\Screen.cpp">
      <Filter>Source Files</Filter>
    </ClCompile>
    <ClCompile Include="src\core\GameInitializer.cpp">
      <Filter>Source Files</Filter>
    </ClCompile>
    <ClCompile Include="src\engine\vehicle\SteeringLogic.cpp">
      <Filter>Source Files</Filter>
    </ClCompile>
    <ClCompile Include="src\model\vehicle\Chassis.cpp">
      <Filter>Source Files</Filter>
    </ClCompile>
    <ClCompile Include="src\engine\vehicle\WheelLogic.cpp">
      <Filter>Source Files</Filter>
    </ClCompile>
    <ClCompile Include="src\lib\calc\Quaternion.cpp">
      <Filter>Source Files</Filter>
    </ClCompile>
    <ClCompile Include="src\engine\vehicle\GearboxLogic.cpp">
      <Filter>Source Files</Filter>
    </ClCompile>
    <ClCompile Include="src\engine\vehicle\EngineLogic.cpp">
      <Filter>Source Files</Filter>
    </ClCompile>
    <ClCompile Include="src\debug\VehicleDebuger.cpp">
      <Filter>Source Files</Filter>
    </ClCompile>
    <ClCompile Include="src\lib\calc\TruncatedPlane.cpp">
      <Filter>Source Files</Filter>
    </ClCompile>
    <ClCompile Include="src\lib\calc\Plane.cpp">
      <Filter>Source Files</Filter>
    </ClCompile>
    <ClCompile Include="src\lib\exceptions.cpp">
      <Filter>Source Files</Filter>
    </ClCompile>
    <ClCompile Include="src\model\vehicle\VehicleData.cpp">
      <Filter>Source Files</Filter>
    </ClCompile>
    <ClCompile Include="src\lib\FileSystem.cpp">
      <Filter>Source Files</Filter>
    </ClCompile>
    <ClCompile Include="src\render\lib\Shader.cpp">
      <Filter>Source Files</Filter>
    </ClCompile>
    <ClCompile Include="src\render\lib\ShaderCompiler.cpp">
      <Filter>Source Files</Filter>
    </ClCompile>
    <ClCompile Include="src\render\lib\ShaderProgram.cpp">
      <Filter>Source Files</Filter>
    </ClCompile>
    <ClCompile Include="src\render\common\ShaderCollection.cpp">
      <Filter>Source Files</Filter>
    </ClCompile>
    <ClCompile Include="src\common\AssetsDirectory.cpp">
      <Filter>Source Files</Filter>
    </ClCompile>
    <ClCompile Include="src\render\common\ShaderProgramCollection.cpp">
      <Filter>Source Files</Filter>
    </ClCompile>
    <ClCompile Include="src\render\lib\Model3d.cpp">
      <Filter>Source Files</Filter>
    </ClCompile>
    <ClCompile Include="src\render\lib\Texture.cpp">
      <Filter>Source Files</Filter>
    </ClCompile>
    <ClCompile Include="src\render\lib\Model3dLoader.cpp">
      <Filter>Source Files</Filter>
    </ClCompile>
    <ClCompile Include="src\lib\calc\Vector2.cpp">
      <Filter>Source Files</Filter>
    </ClCompile>
    <ClCompile Include="src\render\lib\TextureLoader.cpp">
      <Filter>Source Files</Filter>
    </ClCompile>
    <ClCompile Include="src\render\lib\VAO.cpp">
      <Filter>Source Files</Filter>
    </ClCompile>
    <ClCompile Include="src\render\lib\Model3dVAOBuilder.cpp">
      <Filter>Source Files</Filter>
    </ClCompile>
    <ClCompile Include="src\render\lib\VAORenderer.cpp">
      <Filter>Source Files</Filter>
    </ClCompile>
    <ClCompile Include="src\render\lib\RenderModel3dLoader.cpp">
      <Filter>Source Files</Filter>
    </ClCompile>
    <ClCompile Include="src\render\lib\RenderModel3d.cpp">
      <Filter>Source Files</Filter>
    </ClCompile>
    <ClCompile Include="src\render\common\RenderModel3dCollection.cpp">
      <Filter>Source Files</Filter>
    </ClCompile>
    <ClCompile Include="src\render\lib\Material.cpp">
      <Filter>Source Files</Filter>
    </ClCompile>
    <ClCompile Include="src\lib\Path.cpp">
      <Filter>Source Files</Filter>
    </ClCompile>
    <ClCompile Include="src\lib\Environment.cpp">
      <Filter>Source Files</Filter>
    </ClCompile>
    <ClCompile Include="src\lib\ResourceManager.cpp">
      <Filter>Source Files</Filter>
    </ClCompile>
    <ClCompile Include="src\render\vehicle\VehicleRenderer.cpp">
      <Filter>Source Files</Filter>
    </ClCompile>
    <ClCompile Include="src\render\shaderprograms\MainSceneShaderProgram.cpp">
      <Filter>Source Files</Filter>
    </ClCompile>
    <ClCompile Include="src\model\Camera.cpp">
      <Filter>Source Files</Filter>
    </ClCompile>
    <ClCompile Include="src\engine\CameraUpdater.cpp">
      <Filter>Source Files</Filter>
    </ClCompile>
    <ClCompile Include="src\render\shaderprograms\MeshShaderProgram.cpp">
      <Filter>Source Files</Filter>
    </ClCompile>
  </ItemGroup>
  <ItemGroup>
    <ClInclude Include="src\lib\Object.h">
      <Filter>Header Files</Filter>
    </ClInclude>
    <ClInclude Include="src\lib\collections\Array.h">
      <Filter>Header Files</Filter>
    </ClInclude>
    <ClInclude Include="src\lib\collections\Collection.h">
      <Filter>Header Files</Filter>
    </ClInclude>
    <ClInclude Include="src\lib\Memory.h">
      <Filter>Header Files</Filter>
    </ClInclude>
    <ClInclude Include="src\lib\exceptions.h">
      <Filter>Header Files</Filter>
    </ClInclude>
    <ClInclude Include="src\lib\collections\IComparator.h">
      <Filter>Header Files</Filter>
    </ClInclude>
    <ClInclude Include="src\lib\collections\Dictionary.h">
      <Filter>Header Files</Filter>
    </ClInclude>
    <ClInclude Include="src\lib\collections\List.h">
      <Filter>Header Files</Filter>
    </ClInclude>
    <ClInclude Include="src\lib\HashCode.h">
      <Filter>Header Files</Filter>
    </ClInclude>
    <ClInclude Include="src\lib\String.h">
      <Filter>Header Files</Filter>
    </ClInclude>
    <ClInclude Include="src\lib\di\Binder.h">
      <Filter>Header Files</Filter>
    </ClInclude>
    <ClInclude Include="src\lib\di\DependencyContainer.h">
      <Filter>Header Files</Filter>
    </ClInclude>
    <ClInclude Include="src\lib\di\FunctionInstanceHolder.h">
      <Filter>Header Files</Filter>
    </ClInclude>
    <ClInclude Include="src\lib\di\InjectModule.h">
      <Filter>Header Files</Filter>
    </ClInclude>
    <ClInclude Include="src\lib\di\InstanceCollection.h">
      <Filter>Header Files</Filter>
    </ClInclude>
    <ClInclude Include="src\lib\di\InstanceHolder.h">
      <Filter>Header Files</Filter>
    </ClInclude>
    <ClInclude Include="src\lib\di\Resolver.h">
      <Filter>Header Files</Filter>
    </ClInclude>
    <ClInclude Include="src\lib\di\SingletonInstanceHolder.h">
      <Filter>Header Files</Filter>
    </ClInclude>
    <ClInclude Include="src\lib\Assert.h">
      <Filter>Header Files</Filter>
    </ClInclude>
    <ClInclude Include="src\lib\system.h">
      <Filter>Header Files</Filter>
    </ClInclude>
    <ClInclude Include="src\lib\Numeric.h">
      <Filter>Header Files</Filter>
    </ClInclude>
    <ClInclude Include="src\lib\calc\Math.h">
      <Filter>Header Files</Filter>
    </ClInclude>
    <ClInclude Include="src\lib\Hasher.h">
      <Filter>Header Files</Filter>
    </ClInclude>
    <ClInclude Include="src\lib\collections\LookupTable.h">
      <Filter>Header Files</Filter>
    </ClInclude>
    <ClInclude Include="src\lib\collections\Set.h">
      <Filter>Header Files</Filter>
    </ClInclude>
    <ClInclude Include="src\lib\calc\Vector3.h">
      <Filter>Header Files</Filter>
    </ClInclude>
    <ClInclude Include="src\lib\calc\TransformMatrix4.h">
      <Filter>Header Files</Filter>
    </ClInclude>
    <ClInclude Include="src\lib\calc\Vector4.h">
      <Filter>Header Files</Filter>
    </ClInclude>
    <ClInclude Include="src\model\vehicle\Engine.h">
      <Filter>Header Files</Filter>
    </ClInclude>
    <ClInclude Include="src\model\vehicle\Gearbox.h">
      <Filter>Header Files</Filter>
    </ClInclude>
    <ClInclude Include="src\model\vehicle\Wheel.h">
      <Filter>Header Files</Filter>
    </ClInclude>
    <ClInclude Include="src\model\vehicle\Vehicle.h">
      <Filter>Header Files</Filter>
    </ClInclude>
    <ClInclude Include="src\lib\calc\UnitConverter.h">
      <Filter>Header Files</Filter>
    </ClInclude>
    <ClInclude Include="src\model\vehicle\PacejkaFormula.h">
      <Filter>Header Files</Filter>
    </ClInclude>
    <ClInclude Include="src\model\vehicle\Body.h">
      <Filter>Header Files</Filter>
    </ClInclude>
    <ClInclude Include="src\engine\vehicle\VehicleUpdater.h">
      <Filter>Header Files</Filter>
    </ClInclude>
    <ClInclude Include="src\common\constants.h">
      <Filter>Header Files</Filter>
    </ClInclude>
    <ClInclude Include="src\lib\calc\Geometry.h">
      <Filter>Header Files</Filter>
    </ClInclude>
    <ClInclude Include="src\engine\vehicle\ForceLogic.h">
      <Filter>Header Files</Filter>
    </ClInclude>
    <ClInclude Include="src\engine\vehicle\PositionLogic.h">
      <Filter>Header Files</Filter>
    </ClInclude>
    <ClInclude Include="src\engine\vehicle\WeightTransferLogic.h">
      <Filter>Header Files</Filter>
    </ClInclude>
    <ClInclude Include="src\model\vehicle\EngineTorqueCurve.h">
      <Filter>Header Files</Filter>
    </ClInclude>
    <ClInclude Include="src\model\common\Measures.h">
      <Filter>Header Files</Filter>
    </ClInclude>
    <ClInclude Include="src\model\vehicle\Spring.h">
      <Filter>Header Files</Filter>
    </ClInclude>
    <ClInclude Include="src\model\common\Angles.h">
      <Filter>Header Files</Filter>
    </ClInclude>
    <ClInclude Include="src\lib\Random.h">
      <Filter>Header Files</Filter>
    </ClInclude>
    <ClInclude Include="src\engine\vehicle\VelocityLogic.h">
      <Filter>Header Files</Filter>
    </ClInclude>
    <ClInclude Include="src\model\vehicle\Axle.h">
      <Filter>Header Files</Filter>
    </ClInclude>
    <ClInclude Include="src\lib\input\InputDevice.h">
      <Filter>Header Files</Filter>
    </ClInclude>
    <ClInclude Include="src\lib\input\Keyboard.h">
      <Filter>Header Files</Filter>
    </ClInclude>
    <ClInclude Include="src\core\InputManager.h">
      <Filter>Header Files</Filter>
    </ClInclude>
    <ClInclude Include="src\core\MainInjectModule.h">
      <Filter>Header Files</Filter>
    </ClInclude>
    <ClInclude Include="src\core\ScreenManager.h">
      <Filter>Header Files</Filter>
    </ClInclude>
    <ClInclude Include="src\ui\Screen.h">
      <Filter>Header Files</Filter>
    </ClInclude>
    <ClInclude Include="src\lib\di\SimpleInstanceHolder.h">
      <Filter>Header Files</Filter>
    </ClInclude>
    <ClInclude Include="src\ui\IScreenSwitcher.h">
      <Filter>Source Files</Filter>
    </ClInclude>
    <ClInclude Include="src\render\ui\ScreenRenderer.h">
      <Filter>Header Files</Filter>
    </ClInclude>
    <ClInclude Include="src\model\vehicle\DrivingInputData.h">
      <Filter>Header Files</Filter>
    </ClInclude>
    <ClInclude Include="src\render\lib\opengl.h">
      <Filter>Header Files</Filter>
    </ClInclude>
    <ClInclude Include="src\core\DrivingInputManager.h">
      <Filter>Header Files</Filter>
    </ClInclude>
    <ClInclude Include="src\ui\DebugScreen.h">
      <Filter>Header Files</Filter>
    </ClInclude>
    <ClInclude Include="src\core\Game.h">
      <Filter>Header Files</Filter>
    </ClInclude>
    <ClInclude Include="src\ui\Screens.h">
      <Filter>Header Files</Filter>
    </ClInclude>
    <ClInclude Include="src\engine\GameState.h">
      <Filter>Header Files</Filter>
    </ClInclude>
    <ClInclude Include="src\engine\GameUpdater.h">
      <Filter>Header Files</Filter>
    </ClInclude>
    <ClInclude Include="src\render\ui\DebugScreenRenderer.h">
      <Filter>Header Files</Filter>
    </ClInclude>
    <ClInclude Include="src\debug\stat.h">
      <Filter>Header Files</Filter>
    </ClInclude>
    <ClInclude Include="src\App.h">
      <Filter>Header Files</Filter>
    </ClInclude>
    <ClInclude Include="src\render\RenderInitializer.h">
      <Filter>Header Files</Filter>
    </ClInclude>
    <ClInclude Include="src\core\GameInitializer.h">
      <Filter>Header Files</Filter>
    </ClInclude>
    <ClInclude Include="src\engine\vehicle\SteeringLogic.h">
      <Filter>Header Files</Filter>
    </ClInclude>
    <ClInclude Include="src\model\vehicle\Chassis.h">
      <Filter>Header Files</Filter>
    </ClInclude>
    <ClInclude Include="src\engine\vehicle\WheelLogic.h">
      <Filter>Header Files</Filter>
    </ClInclude>
    <ClInclude Include="src\lib\calc\Quaternion.h">
      <Filter>Header Files</Filter>
    </ClInclude>
    <ClInclude Include="src\engine\vehicle\GearboxLogic.h">
      <Filter>Header Files</Filter>
    </ClInclude>
    <ClInclude Include="src\engine\vehicle\EngineLogic.h">
      <Filter>Header Files</Filter>
    </ClInclude>
    <ClInclude Include="src\debug\VehicleDebuger.h">
      <Filter>Header Files</Filter>
    </ClInclude>
    <ClInclude Include="src\lib\calc\TruncatedPlane.h">
      <Filter>Header Files</Filter>
    </ClInclude>
    <ClInclude Include="src\lib\calc\Plane.h">
      <Filter>Header Files</Filter>
    </ClInclude>
    <ClInclude Include="src\lib\collections\BSPTree.h">
      <Filter>Header Files</Filter>
    </ClInclude>
    <ClInclude Include="src\model\vehicle\VehicleData.h">
      <Filter>Header Files</Filter>
    </ClInclude>
    <ClInclude Include="src\lib\FileSystem.h">
      <Filter>Header Files</Filter>
    </ClInclude>
    <ClInclude Include="src\render\lib\Shader.h">
      <Filter>Header Files</Filter>
    </ClInclude>
    <ClInclude Include="src\render\lib\ShaderCompiler.h">
      <Filter>Header Files</Filter>
    </ClInclude>
    <ClInclude Include="src\render\lib\ShaderProgram.h">
      <Filter>Header Files</Filter>
    </ClInclude>
    <ClInclude Include="src\render\common\ShaderCollection.h">
      <Filter>Header Files</Filter>
    </ClInclude>
    <ClInclude Include="src\common\AssetsDirectory.h">
      <Filter>Header Files</Filter>
    </ClInclude>
    <ClInclude Include="src\render\common\ShaderProgramCollection.h">
      <Filter>Header Files</Filter>
    </ClInclude>
    <ClInclude Include="src\model\vehicle\Gear.h">
      <Filter>Header Files</Filter>
    </ClInclude>
    <ClInclude Include="src\render\lib\Model3d.h">
      <Filter>Header Files</Filter>
    </ClInclude>
    <ClInclude Include="src\render\lib\Texture.h">
      <Filter>Header Files</Filter>
    </ClInclude>
    <ClInclude Include="src\render\lib\Model3dLoader.h">
      <Filter>Header Files</Filter>
    </ClInclude>
    <ClInclude Include="src\lib\calc\Vector2.h">
      <Filter>Header Files</Filter>
    </ClInclude>
    <ClInclude Include="src\render\lib\TextureLoader.h">
      <Filter>Header Files</Filter>
    </ClInclude>
    <ClInclude Include="src\render\lib\VAO.h">
      <Filter>Header Files</Filter>
    </ClInclude>
    <ClInclude Include="src\render\lib\Model3dVAOBuilder.h">
      <Filter>Header Files</Filter>
    </ClInclude>
    <ClInclude Include="src\render\lib\VAORenderer.h">
      <Filter>Header Files</Filter>
    </ClInclude>
    <ClInclude Include="src\render\lib\RenderModel3d.h">
      <Filter>Header Files</Filter>
    </ClInclude>
    <ClInclude Include="src\render\lib\RenderModel3dLoader.h">
      <Filter>Header Files</Filter>
    </ClInclude>
    <ClInclude Include="src\render\common\RenderModel3dCollection.h">
      <Filter>Header Files</Filter>
    </ClInclude>
    <ClInclude Include="src\render\lib\Material.h">
      <Filter>Header Files</Filter>
    </ClInclude>
    <ClInclude Include="src\lib\Path.h">
      <Filter>Header Files</Filter>
    </ClInclude>
    <ClInclude Include="src\lib\Environment.h">
      <Filter>Header Files</Filter>
    </ClInclude>
    <ClInclude Include="src\lib\ResourceManager.h">
      <Filter>Header Files</Filter>
    </ClInclude>
    <ClInclude Include="src\common\resource.h">
      <Filter>Header Files</Filter>
    </ClInclude>
    <ClInclude Include="src\lib\windows.h">
      <Filter>Header Files</Filter>
    </ClInclude>
    <ClInclude Include="src\render\vehicle\VehicleRenderer.h">
      <Filter>Header Files</Filter>
    </ClInclude>
    <ClInclude Include="src\render\shaderprograms\MainSceneShaderProgram.h">
      <Filter>Header Files</Filter>
    </ClInclude>
    <ClInclude Include="src\model\Camera.h">
      <Filter>Header Files</Filter>
    </ClInclude>
    <ClInclude Include="src\engine\CameraUpdater.h">
      <Filter>Header Files</Filter>
    </ClInclude>
    <ClInclude Include="src\render\shaderprograms\MeshShaderProgram.h">
      <Filter>Header Files</Filter>
    </ClInclude>
  </ItemGroup>
  <ItemGroup>
    <ResourceCompile Include="src\common\Resource.rc">
      <Filter>Resource Files</Filter>
    </ResourceCompile>
  </ItemGroup>
  <ItemGroup>
    <None Include="src\render\shaders\common.glsl" />
    <None Include="src\render\shaders\mesh.frag" />
    <None Include="src\render\shaders\mesh.vert" />
  </ItemGroup>
</Project>